
Microsoft Visual Studio Solution File, Format Version 12.00
# Visual Studio Version 17
VisualStudioVersion = 17.11.35327.3
MinimumVisualStudioVersion = 10.0.40219.1
Project("{FAE04EC0-301F-11D3-BF4B-00C04F79EFBC}") = "DataMaker", "Serial2\DataMaker.csproj", "{3E3486C9-B3CF-4B0E-A7BA-38469126140B}"
EndProject
Global
	GlobalSection(SolutionConfigurationPlatforms) = preSolution
		Debug|Any CPU = Debug|Any CPU
		Release|Any CPU = Release|Any CPU
	EndGlobalSection
	GlobalSection(ProjectConfigurationPlatforms) = postSolution
		{3E3486C9-B3CF-4B0E-A7BA-38469126140B}.Debug|Any CPU.ActiveCfg = Debug|Any CPU
		{3E3486C9-B3CF-4B0E-A7BA-38469126140B}.Debug|Any CPU.Build.0 = Debug|Any CPU
		{3E3486C9-B3CF-4B0E-A7BA-38469126140B}.Release|Any CPU.ActiveCfg = Release|Any CPU
		{3E3486C9-B3CF-4B0E-A7BA-38469126140B}.Release|Any CPU.Build.0 = Release|Any CPU
	EndGlobalSection
	GlobalSection(SolutionProperties) = preSolution
		HideSolutionNode = FALSE
	EndGlobalSection
	GlobalSection(ExtensibilityGlobals) = postSolution
		SolutionGuid = {24386005-EE3A-4B2D-8166-6C4FA7DCD27E}
	EndGlobalSection
EndGlobal
